
Microsoft Visual Studio Solution File, Format Version 12.00
# Visual Studio Version 17
VisualStudioVersion = 17.9.34701.34
MinimumVisualStudioVersion = 10.0.40219.1
Project("{FAE04EC0-301F-11D3-BF4B-00C04F79EFBC}") = "WindowsForm_move", "WindowsForm_move.csproj", "{ECAD673E-78DC-48AB-A770-9924E81B6706}"
EndProject
Global
	GlobalSection(SolutionConfigurationPlatforms) = preSolution
		Debug|Any CPU = Debug|Any CPU
		Release|Any CPU = Release|Any CPU
	EndGlobalSection
	GlobalSection(ProjectConfigurationPlatforms) = postSolution
		{ECAD673E-78DC-48AB-A770-9924E81B6706}.Debug|Any CPU.ActiveCfg = Debug|Any CPU
		{ECAD673E-78DC-48AB-A770-9924E81B6706}.Debug|Any CPU.Build.0 = Debug|Any CPU
		{ECAD673E-78DC-48AB-A770-9924E81B6706}.Release|Any CPU.ActiveCfg = Release|Any CPU
		{ECAD673E-78DC-48AB-A770-9924E81B6706}.Release|Any CPU.Build.0 = Release|Any CPU
	EndGlobalSection
	GlobalSection(SolutionProperties) = preSolution
		HideSolutionNode = FALSE
	EndGlobalSection
	GlobalSection(ExtensibilityGlobals) = postSolution
		SolutionGuid = {2E6B7603-21DF-4864-9BBF-0AAED48F7555}
	EndGlobalSection
EndGlobal
